<Solution>
    <Project Path="Meziantou.MusicApp.Server/Meziantou.MusicApp.Server.csproj" />
    <Folder Name="/Solution Items/">
        <File Path=".editorconfig" />
    </Folder>
    <Project Path="Meziantou.MusicApp.Server.Tests/Meziantou.MusicApp.Server.Tests.csproj" />
    <Project Path="Meziantou.MusicApp.StaticSiteGenerator/Meziantou.MusicApp.StaticSiteGenerator.csproj" />
</Solution>
